
Microsoft Visual Studio Solution File, Format Version 12.00
# Visual Studio Version 16
VisualStudioVersion = 16.0.31424.327
MinimumVisualStudioVersion = 10.0.40219.1
Project("{FAE04EC0-301F-11D3-BF4B-00C04F79EFBC}") = "Doanthu2", "Doanthu2.csproj", "{A81B6888-E8B4-4386-893C-D512E66ECC6F}"
EndProject
Global
	GlobalSection(SolutionConfigurationPlatforms) = preSolution
		Debug|Any CPU = Debug|Any CPU
		Release|Any CPU = Release|Any CPU
	EndGlobalSection
	GlobalSection(ProjectConfigurationPlatforms) = postSolution
		{A81B6888-E8B4-4386-893C-D512E66ECC6F}.Debug|Any CPU.ActiveCfg = Debug|Any CPU
		{A81B6888-E8B4-4386-893C-D512E66ECC6F}.Debug|Any CPU.Build.0 = Debug|Any CPU
		{A81B6888-E8B4-4386-893C-D512E66ECC6F}.Release|Any CPU.ActiveCfg = Release|Any CPU
		{A81B6888-E8B4-4386-893C-D512E66ECC6F}.Release|Any CPU.Build.0 = Release|Any CPU
	EndGlobalSection
	GlobalSection(SolutionProperties) = preSolution
		HideSolutionNode = FALSE
	EndGlobalSection
	GlobalSection(ExtensibilityGlobals) = postSolution
		SolutionGuid = {5BC3FDA0-33C2-4DAE-9E6F-8B55C4BBA982}
	EndGlobalSection
EndGlobal
